version: 6
environments:
  default:
    channels:
    - url: https://conda.anaconda.org/conda-forge/
    options:
      pypi-prerelease-mode: if-necessary-or-explicit
    packages:
      linux-64:
      - conda: https://conda.anaconda.org/conda-forge/linux-64/_libgcc_mutex-0.1-conda_forge.tar.bz2
      - conda: https://conda.anaconda.org/conda-forge/linux-64/_openmp_mutex-4.5-2_gnu.tar.bz2
      - conda: https://conda.anaconda.org/conda-forge/linux-64/binutils_impl_linux-64-2.45-default_hfdba357_105.conda
      - conda: https://conda.anaconda.org/conda-forge/noarch/ca-certificates-2026.1.4-hbd8a1cb_0.conda
      - conda: https://conda.anaconda.org/conda-forge/linux-64/conda-gcc-specs-15.2.0-h53410ce_16.conda
      - conda: https://conda.anaconda.org/conda-forge/linux-64/gcc-15.2.0-h0dff253_16.conda
      - conda: https://conda.anaconda.org/conda-forge/linux-64/gcc_impl_linux-64-15.2.0-hc5723f1_16.conda
      - conda: https://conda.anaconda.org/conda-forge/noarch/kernel-headers_linux-64-4.18.0-he073ed8_9.conda
      - conda: https://conda.anaconda.org/conda-forge/linux-64/ld_impl_linux-64-2.45-default_hbd61a6d_105.conda
      - conda: https://conda.anaconda.org/conda-forge/linux-64/libgcc-15.2.0-he0feb66_16.conda
      - conda: https://conda.anaconda.org/conda-forge/noarch/libgcc-devel_linux-64-15.2.0-hcc6f6b0_116.conda
      - conda: https://conda.anaconda.org/conda-forge/linux-64/libgcc-ng-15.2.0-h69a702a_16.conda
      - conda: https://conda.anaconda.org/conda-forge/linux-64/libgomp-15.2.0-he0feb66_16.conda
      - conda: https://conda.anaconda.org/conda-forge/linux-64/libsanitizer-15.2.0-h90f66d4_16.conda
      - conda: https://conda.anaconda.org/conda-forge/linux-64/libstdcxx-15.2.0-h934c35e_16.conda
      - conda: https://conda.anaconda.org/conda-forge/noarch/libstdcxx-devel_linux-64-15.2.0-hd446a21_116.conda
      - conda: https://conda.anaconda.org/conda-forge/linux-64/libstdcxx-ng-15.2.0-hdf11a46_16.conda
      - conda: https://conda.anaconda.org/conda-forge/linux-64/libzlib-1.3.1-hb9d3cd8_2.conda
      - conda: https://conda.anaconda.org/conda-forge/linux-64/openssl-3.6.0-h26f9b46_0.conda
      - conda: https://conda.anaconda.org/conda-forge/linux-64/patchelf-0.17.2-h58526e2_0.conda
      - conda: https://conda.anaconda.org/conda-forge/linux-64/rattler-build-0.55.1-he64ecbb_0.conda
      - conda: https://conda.anaconda.org/conda-forge/noarch/sysroot_linux-64-2.28-h4ee821c_9.conda
      - conda: https://conda.anaconda.org/conda-forge/noarch/tzdata-2025c-hc9c84f9_1.conda
      - conda: https://conda.anaconda.org/conda-forge/linux-64/zstd-1.5.7-hb78ec9c_6.conda
      osx-arm64:
      - conda: https://conda.anaconda.org/conda-forge/osx-arm64/_openmp_mutex-4.5-7_kmp_llvm.conda
      - conda: https://conda.anaconda.org/conda-forge/noarch/ca-certificates-2026.1.4-hbd8a1cb_0.conda
      - conda: https://conda.anaconda.org/conda-forge/osx-arm64/cctools_impl_osx-arm64-1030.6.3-llvm19_1_he8a363d_4.conda
      - conda: https://conda.anaconda.org/conda-forge/osx-arm64/cctools_osx-arm64-1030.6.3-llvm19_1_h6d92914_4.conda
      - conda: https://conda.anaconda.org/conda-forge/osx-arm64/clang-19-19.1.7-default_hf3020a7_7.conda
      - conda: https://conda.anaconda.org/conda-forge/osx-arm64/clang-19.1.7-default_hf9bcbb7_7.conda
      - conda: https://conda.anaconda.org/conda-forge/osx-arm64/clang_impl_osx-arm64-19.1.7-default_hc11f16d_7.conda
      - conda: https://conda.anaconda.org/conda-forge/osx-arm64/compiler-rt-19.1.7-h855ad52_1.conda
      - conda: https://conda.anaconda.org/conda-forge/noarch/compiler-rt_osx-arm64-19.1.7-he32a8d3_1.conda
      - conda: https://conda.anaconda.org/conda-forge/osx-arm64/conda-gcc-specs-15.2.0-h6cc07cf_16.conda
      - conda: https://conda.anaconda.org/conda-forge/osx-arm64/gcc-15.2.0-h500d687_16.conda
      - conda: https://conda.anaconda.org/conda-forge/osx-arm64/gcc_impl_osx-arm64-15.2.0-h6e619ee_16.conda
      - conda: https://conda.anaconda.org/conda-forge/osx-arm64/icu-78.2-h38cb7af_0.conda
      - conda: https://conda.anaconda.org/conda-forge/osx-arm64/ld64-956.6-llvm19_1_he86490a_4.conda
      - conda: https://conda.anaconda.org/conda-forge/osx-arm64/ld64_osx-arm64-956.6-llvm19_1_ha2625f7_4.conda
      - conda: https://conda.anaconda.org/conda-forge/osx-arm64/libclang-cpp19.1-19.1.7-default_hf3020a7_7.conda
      - conda: https://conda.anaconda.org/conda-forge/osx-arm64/libcxx-21.1.8-hf598326_0.conda
      - conda: https://conda.anaconda.org/conda-forge/osx-arm64/libgcc-15.2.0-hcbb3090_16.conda
      - conda: https://conda.anaconda.org/conda-forge/noarch/libgcc-devel_osx-arm64-15.2.0-hee53e68_116.conda
      - conda: https://conda.anaconda.org/conda-forge/osx-arm64/libiconv-1.18-h23cfdf5_2.conda
      - conda: https://conda.anaconda.org/conda-forge/osx-arm64/libllvm19-19.1.7-h8e0c9ce_2.conda
      - conda: https://conda.anaconda.org/conda-forge/osx-arm64/liblzma-5.8.2-h8088a28_0.conda
      - conda: https://conda.anaconda.org/conda-forge/osx-arm64/libsigtool-0.1.3-h98dc951_0.conda
      - conda: https://conda.anaconda.org/conda-forge/osx-arm64/libxml2-16-2.15.1-h5ef1a60_1.conda
      - conda: https://conda.anaconda.org/conda-forge/osx-arm64/libxml2-2.15.1-h8d039ee_1.conda
      - conda: https://conda.anaconda.org/conda-forge/osx-arm64/libzlib-1.3.1-h8359307_2.conda
      - conda: https://conda.anaconda.org/conda-forge/osx-arm64/llvm-openmp-21.1.8-h4a912ad_0.conda
      - conda: https://conda.anaconda.org/conda-forge/osx-arm64/llvm-tools-19-19.1.7-h91fd4e7_2.conda
      - conda: https://conda.anaconda.org/conda-forge/osx-arm64/llvm-tools-19.1.7-h855ad52_2.conda
      - conda: https://conda.anaconda.org/conda-forge/osx-arm64/ncurses-6.5-h5e97a16_3.conda
      - conda: https://conda.anaconda.org/conda-forge/osx-arm64/openssl-3.6.1-hd24854e_1.conda
      - conda: https://conda.anaconda.org/conda-forge/osx-arm64/rattler-build-0.55.1-h6fdd925_0.conda
      - conda: https://conda.anaconda.org/conda-forge/osx-arm64/sigtool-codesign-0.1.3-h98dc951_0.conda
      - conda: https://conda.anaconda.org/conda-forge/osx-arm64/tapi-1600.0.11.8-h997e182_0.conda
      - conda: https://conda.anaconda.org/conda-forge/osx-arm64/zstd-1.5.7-hbf9d68e_6.conda
      win-64:
      - conda: https://conda.anaconda.org/conda-forge/win-64/_openmp_mutex-4.5-2_gnu.conda
      - conda: https://conda.anaconda.org/conda-forge/win-64/binutils_impl_win-64-2.45-default_ha84baeb_105.conda
      - conda: https://conda.anaconda.org/conda-forge/win-64/conda-gcc-specs-15.2.0-hd546029_16.conda
      - conda: https://conda.anaconda.org/conda-forge/win-64/gcc-15.2.0-hd556455_16.conda
      - conda: https://conda.anaconda.org/conda-forge/win-64/gcc_impl_win-64-15.2.0-h79c4613_16.conda
      - conda: https://conda.anaconda.org/conda-forge/win-64/ld_impl_win-64-2.45-default_hfd38196_105.conda
      - conda: https://conda.anaconda.org/conda-forge/win-64/libgcc-15.2.0-h8ee18e1_16.conda
      - conda: https://conda.anaconda.org/conda-forge/noarch/libgcc-devel_win-64-15.2.0-hbb59886_116.conda
      - conda: https://conda.anaconda.org/conda-forge/win-64/libgomp-15.2.0-h8ee18e1_16.conda
      - conda: https://conda.anaconda.org/conda-forge/win-64/libstdcxx-15.2.0-hae5796f_16.conda
      - conda: https://conda.anaconda.org/conda-forge/noarch/libstdcxx-devel_win-64-15.2.0-h0a72980_116.conda
      - conda: https://conda.anaconda.org/conda-forge/win-64/libwinpthread-12.0.0.r4.gg4f2fc60ca-h57928b3_10.conda
      - conda: https://conda.anaconda.org/conda-forge/win-64/libzlib-1.3.1-h2466b09_2.conda
      - conda: https://conda.anaconda.org/conda-forge/noarch/m2-bash-5.2.037.2-hc364b38_6.conda
      - conda: https://conda.anaconda.org/conda-forge/win-64/m2-conda-epoch-20250515-0_x86_64.conda
      - conda: https://conda.anaconda.org/conda-forge/noarch/m2-coreutils-8.32.5-hc364b38_6.conda
      - conda: https://conda.anaconda.org/conda-forge/noarch/m2-filesystem-2025.02.23.1-hc364b38_10.conda
      - conda: https://conda.anaconda.org/conda-forge/noarch/m2-gcc-libs-13.3.0.1-hc364b38_6.conda
      - conda: https://conda.anaconda.org/conda-forge/noarch/m2-gmp-6.3.0.1-hc364b38_6.conda
      - conda: https://conda.anaconda.org/conda-forge/noarch/m2-libbz2-1.0.8.4-hc364b38_6.conda
      - conda: https://conda.anaconda.org/conda-forge/noarch/m2-libiconv-1.18.1-hc364b38_6.conda
      - conda: https://conda.anaconda.org/conda-forge/noarch/m2-libintl-0.22.5.1-hc364b38_6.conda
      - conda: https://conda.anaconda.org/conda-forge/noarch/m2-msys2-runtime-3.6.1.4-hc364b38_6.conda
      - conda: https://conda.anaconda.org/conda-forge/noarch/m2-tar-1.35.2-hc364b38_6.conda
      - conda: https://conda.anaconda.org/conda-forge/noarch/m2-unzip-6.0.3-hc364b38_6.conda
      - conda: https://conda.anaconda.org/conda-forge/noarch/m2w64-sysroot_win-64-12.0.0.r4.gg4f2fc60ca-hd8ed1ab_10.conda
      - conda: https://conda.anaconda.org/conda-forge/noarch/mingw-w64-ucrt-x86_64-crt-git-12.0.0.r4.gg4f2fc60ca-hd8ed1ab_10.conda
      - conda: https://conda.anaconda.org/conda-forge/noarch/mingw-w64-ucrt-x86_64-headers-git-12.0.0.r4.gg4f2fc60ca-hd8ed1ab_10.conda
      - conda: https://conda.anaconda.org/conda-forge/noarch/mingw-w64-ucrt-x86_64-windows-default-manifest-6.4-he206cdd_7.conda
      - conda: https://conda.anaconda.org/conda-forge/noarch/mingw-w64-ucrt-x86_64-winpthreads-git-12.0.0.r4.gg4f2fc60ca-hd8ed1ab_10.conda
      - conda: https://conda.anaconda.org/conda-forge/win-64/rattler-build-0.55.1-h18a1a76_0.conda
      - conda: https://conda.anaconda.org/conda-forge/win-64/ucrt-10.0.26100.0-h57928b3_0.conda
      - conda: https://conda.anaconda.org/conda-forge/win-64/vc-14.3-h41ae7f8_34.conda
      - conda: https://conda.anaconda.org/conda-forge/win-64/vc14_runtime-14.44.35208-h818238b_34.conda
      - conda: https://conda.anaconda.org/conda-forge/win-64/vcomp14-14.44.35208-h818238b_34.conda
      - conda: https://conda.anaconda.org/conda-forge/win-64/zstd-1.5.7-h534d264_6.conda
packages:
- conda: https://conda.anaconda.org/conda-forge/linux-64/_libgcc_mutex-0.1-conda_forge.tar.bz2
  sha256: fe51de6107f9edc7aa4f786a70f4a883943bc9d39b3bb7307c04c41410990726
  md5: d7c89558ba9fa0495403155b64376d81
  license: None
  size: 2562
  timestamp: 1578324546067
- conda: https://conda.anaconda.org/conda-forge/linux-64/_openmp_mutex-4.5-2_gnu.tar.bz2
  build_number: 16
  sha256: fbe2c5e56a653bebb982eda4876a9178aedfc2b545f25d0ce9c4c0b508253d22
  md5: 73aaf86a425cc6e73fcf236a5a46396d
  depends:
  - _libgcc_mutex 0.1 conda_forge
  - libgomp >=7.5.0
  constrains:
  - openmp_impl 9999
  license: BSD-3-Clause
  license_family: BSD
  size: 23621
  timestamp: 1650670423406
- conda: https://conda.anaconda.org/conda-forge/osx-arm64/_openmp_mutex-4.5-7_kmp_llvm.conda
  build_number: 7
  sha256: 7acaa2e0782cad032bdaf756b536874346ac1375745fb250e9bdd6a48a7ab3cd
  md5: a44032f282e7d2acdeb1c240308052dd
  depends:
  - llvm-openmp >=9.0.1
  license: BSD-3-Clause
  license_family: BSD
  size: 8325
  timestamp: 1764092507920
- conda: https://conda.anaconda.org/conda-forge/win-64/_openmp_mutex-4.5-2_gnu.conda
  build_number: 8
  sha256: 1a62cd1f215fe0902e7004089693a78347a30ad687781dfda2289cab000e652d
  md5: 37e16618af5c4851a3f3d66dd0e11141
  depends:
  - libgomp >=7.5.0
  - libwinpthread >=12.0.0.r2.ggc561118da
  constrains:
  - openmp_impl 9999
  - msys2-conda-epoch <0.0a0
  license: BSD-3-Clause
  license_family: BSD
  size: 49468
  timestamp: 1718213032772
- conda: https://conda.anaconda.org/conda-forge/linux-64/binutils_impl_linux-64-2.45-default_hfdba357_105.conda
  sha256: 17fbb32191430310d3eb8309f80a8df54f0d66eda9cf84b2ae5113e6d74e24d8
  md5: e410a8f80e22eb6d840e39ac6a34bd0e
  depends:
  - ld_impl_linux-64 2.45 default_hbd61a6d_105
  - sysroot_linux-64
  - zstd >=1.5.7,<1.6.0a0
  license: GPL-3.0-only
  license_family: GPL
  size: 3719982
  timestamp: 1766513109980
- conda: https://conda.anaconda.org/conda-forge/win-64/binutils_impl_win-64-2.45-default_ha84baeb_105.conda
  sha256: 0caf8210512b7ae6db752264897384cfb8c87ab8584b14ec07df3c0bff0bba51
  md5: fe34d00e7c9e92559ec8b5a927d06e57
  depends:
  - ld_impl_win-64 2.45 default_hfd38196_105
  - m2w64-sysroot_win-64 >=12.0.0.r0
  - zstd >=1.5.7,<1.6.0a0
  license: GPL-3.0-only
  license_family: GPL
  size: 6096221
  timestamp: 1766513640880
- conda: https://conda.anaconda.org/conda-forge/noarch/ca-certificates-2026.1.4-hbd8a1cb_0.conda
  sha256: b5974ec9b50e3c514a382335efa81ed02b05906849827a34061c496f4defa0b2
  md5: bddacf101bb4dd0e51811cb69c7790e2
  depends:
  - __unix
  license: ISC
  size: 146519
  timestamp: 1767500828366
- conda: https://conda.anaconda.org/conda-forge/osx-arm64/cctools_impl_osx-arm64-1030.6.3-llvm19_1_he8a363d_4.conda
  sha256: c444442e0c01de92a75b58718a100f2e272649658d4f3dd915bbfc2316b25638
  md5: 76c651b923e048f3f3e0ecb22c966f70
  depends:
  - __osx >=11.0
  - ld64_osx-arm64 >=956.6,<956.7.0a0
  - libcxx
  - libllvm19 >=19.1.7,<19.2.0a0
  - libzlib >=1.3.1,<2.0a0
  - llvm-tools 19.1.*
  - sigtool-codesign
  constrains:
  - ld64 956.6.*
  - cctools 1030.6.3.*
  - clang 19.1.*
  license: APSL-2.0
  license_family: Other
  size: 749918
  timestamp: 1768852866532
- conda: https://conda.anaconda.org/conda-forge/osx-arm64/cctools_osx-arm64-1030.6.3-llvm19_1_h6d92914_4.conda
  sha256: 6b37ac10e22dd734cce14ce7d1ac6db07976bb71e38a10971c0693b9f17ad6c4
  md5: df5cd5c925df1412426e3db71d31363f
  depends:
  - cctools_impl_osx-arm64 1030.6.3 llvm19_1_he8a363d_4
  - ld64_osx-arm64 956.6 llvm19_1_ha2625f7_4
  constrains:
  - cctools 1030.6.3.*
  license: APSL-2.0
  license_family: Other
  size: 23211
  timestamp: 1768852915341
- conda: https://conda.anaconda.org/conda-forge/osx-arm64/clang-19.1.7-default_hf9bcbb7_7.conda
  sha256: e170fa45ea1a6c30348b05a474bfad58bcb7316ee278fd1051f1f7af105db2cd
  md5: 13150cdd8e6bc61aa68b55d1a2a69083
  depends:
  - clang-19 19.1.7 default_hf3020a7_7
  - clang_impl_osx-arm64 19.1.7 default_hc11f16d_7
  license: Apache-2.0 WITH LLVM-exception
  license_family: Apache
  size: 24474
  timestamp: 1767957953998
- conda: https://conda.anaconda.org/conda-forge/osx-arm64/clang-19-19.1.7-default_hf3020a7_7.conda
  sha256: d59286e188f4922f9812d8412358f98e98b187840c7256d9c143f4e9cc02847e
  md5: 3b992d143f0008588ca26df8a324eee9
  depends:
  - __osx >=11.0
  - libclang-cpp19.1 19.1.7 default_hf3020a7_7
  - libcxx >=19.1.7
  - libllvm19 >=19.1.7,<19.2.0a0
  license: Apache-2.0 WITH LLVM-exception
  license_family: Apache
  size: 764520
  timestamp: 1767957577398
- conda: https://conda.anaconda.org/conda-forge/osx-arm64/clang_impl_osx-arm64-19.1.7-default_hc11f16d_7.conda
  sha256: faffb31c43afb4360d6545bd20590fbed5b344a77daeabdea39164d72c943d21
  md5: bde6fcb6b1fcefb687a7fb95675c6ec8
  depends:
  - cctools_impl_osx-arm64
  - clang-19 19.1.7 default_hf3020a7_7
  - compiler-rt 19.1.7.*
  - compiler-rt_osx-arm64
  - ld64
  - ld64_osx-arm64 * llvm19_1_*
  - llvm-openmp >=19.1.7
  - llvm-tools 19.1.7.*
  license: Apache-2.0 WITH LLVM-exception
  license_family: Apache
  size: 24459
  timestamp: 1767957934083
- conda: https://conda.anaconda.org/conda-forge/osx-arm64/compiler-rt-19.1.7-h855ad52_1.conda
  sha256: b58a481828aee699db7f28bfcbbe72fb133277ac60831dfe70ee2465541bcb93
  md5: 39451684370ae65667fa5c11222e43f7
  depends:
  - __osx >=11.0
  - clang 19.1.7.*
  - compiler-rt_osx-arm64 19.1.7.*
  license: Apache-2.0 WITH LLVM-exception
  license_family: APACHE
  size: 97085
  timestamp: 1757411887557
- conda: https://conda.anaconda.org/conda-forge/noarch/compiler-rt_osx-arm64-19.1.7-he32a8d3_1.conda
  sha256: 8c32a3db8adf18ed58197e8895ce4f24a83ed63c817512b9a26724753b116f2a
  md5: 8d99c82e0f5fed6cc36fcf66a11e03f0
  depends:
  - clang 19.1.7.*
  constrains:
  - compiler-rt 19.1.7
  - clangxx 19.1.7
  license: Apache-2.0 WITH LLVM-exception
  license_family: APACHE
  size: 10490535
  timestamp: 1757411851093
- conda: https://conda.anaconda.org/conda-forge/linux-64/conda-gcc-specs-15.2.0-h53410ce_16.conda
  sha256: 0e3a6497ccfad65246f9ca8225f290b10ee3be7712e6f7585f1585f72074ecff
  md5: 7d1e5e99f086b25a8aeace8f35962fe7
  depends:
  - gcc_impl_linux-64 >=15.2.0,<15.2.1.0a0
  license: GPL-3.0-only WITH GCC-exception-3.1
  license_family: GPL
  size: 31290
  timestamp: 1765257044086
- conda: https://conda.anaconda.org/conda-forge/osx-arm64/conda-gcc-specs-15.2.0-h6cc07cf_16.conda
  sha256: 5c19f0cd3a43b191521d344f92ad03775bd4fbfa7bb5cf31647635a9031765ed
  md5: 746c2f48df92345e62105250ec9f691e
  depends:
  - gcc_impl_osx-arm64 >=15.2.0,<15.2.1.0a0
  license: GPL-3.0-only WITH GCC-exception-3.1
  license_family: GPL
  size: 142689
  timestamp: 1765259223351
- conda: https://conda.anaconda.org/conda-forge/win-64/conda-gcc-specs-15.2.0-hd546029_16.conda
  sha256: d4a75332dbe12c326dfb68e71fd44d489c0141a166bc2d7bab85d062eb79babe
  md5: b8c66fe4f0dcd3ec9d5a9a739df3e365
  depends:
  - gcc_impl_win-64 >=15.2.0,<15.2.1.0a0
  license: GPL-3.0-only WITH GCC-exception-3.1
  license_family: GPL
  size: 54364
  timestamp: 1765260662854
- conda: https://conda.anaconda.org/conda-forge/linux-64/gcc-15.2.0-h0dff253_16.conda
  sha256: f7d74b470dbaaaf715bf0c29a8e5786b41c5be38b8fd2b703cdbe8c3ac9a4061
  md5: d65a413999f5e84b95cc56145f7dc8ae
  depends:
  - conda-gcc-specs
  - gcc_impl_linux-64 15.2.0 hc5723f1_16
  license: BSD-3-Clause
  license_family: BSD
  size: 28938
  timestamp: 1765257209407
- conda: https://conda.anaconda.org/conda-forge/osx-arm64/gcc-15.2.0-h500d687_16.conda
  sha256: 9319dbad0c1a65c6180d5bb8dd17911ccf85dd1233bbb8ed929d0f0879c71d54
  md5: 29ba08fd39d7bb2752b68287d6ec4e25
  depends:
  - conda-gcc-specs
  - gcc_impl_osx-arm64 15.2.0 h6e619ee_16
  license: BSD-3-Clause
  license_family: BSD
  size: 140601
  timestamp: 1765259617119
- conda: https://conda.anaconda.org/conda-forge/win-64/gcc-15.2.0-hd556455_16.conda
  sha256: 47e615d15323e8e5713079d6a364c29e622c1351a1bbae25a4b2b29a8a65176e
  md5: 75be5b3f44f3f939e2c3cdb041d12a44
  depends:
  - conda-gcc-specs
  - gcc_impl_win-64 15.2.0 h79c4613_16
  license: BSD-3-Clause
  license_family: BSD
  size: 1202509
  timestamp: 1765260844098
- conda: https://conda.anaconda.org/conda-forge/linux-64/gcc_impl_linux-64-15.2.0-hc5723f1_16.conda
  sha256: dfd180b9df441b57aa539dfcfcc416c804638b3bc5ec9dbb5d7bdbc009eba497
  md5: 83c672f0e373c37436953413b2272a42
  depends:
  - binutils_impl_linux-64 >=2.45
  - libgcc >=15.2.0
  - libgcc-devel_linux-64 15.2.0 hcc6f6b0_116
  - libgomp >=15.2.0
  - libsanitizer 15.2.0 h90f66d4_16
  - libstdcxx >=15.2.0
  - libstdcxx-devel_linux-64 15.2.0 hd446a21_116
  - sysroot_linux-64
  license: GPL-3.0-only WITH GCC-exception-3.1
  license_family: GPL
  size: 80309755
  timestamp: 1765256937267
- conda: https://conda.anaconda.org/conda-forge/osx-arm64/gcc_impl_osx-arm64-15.2.0-h6e619ee_16.conda
  sha256: 9ac1a12411db6fd7948f3f0b6abfa641730a1d27fc943a9b723d41a714ee58f2
  md5: b609144e429203346f382d80a8f6b282
  depends:
  - cctools_osx-arm64
  - clang
  - ld64_osx-arm64
  - libgcc >=15.2.0
  - libgcc-devel_osx-arm64 15.2.0 hee53e68_116
  license: GPL-3.0-only WITH GCC-exception-3.1
  license_family: GPL
  size: 49003591
  timestamp: 1765259132647
- conda: https://conda.anaconda.org/conda-forge/win-64/gcc_impl_win-64-15.2.0-h79c4613_16.conda
  sha256: 73489f4fe29f8a80a2514ff21285226aafed37693099c5d48460a780608a6ee2
  md5: c545222077e50b9cdc7dfb2c80ba8cfa
  depends:
  - binutils_impl_win-64 >=2.45
  - libgcc >=15.2.0
  - libgcc-devel_win-64 15.2.0 hbb59886_116
  - libgomp >=15.2.0
  - libstdcxx >=15.2.0
  - libstdcxx-devel_win-64 15.2.0 h0a72980_116
  - m2w64-sysroot_win-64
  license: GPL-3.0-only WITH GCC-exception-3.1
  license_family: GPL
  size: 62325084
  timestamp: 1765260533999
- conda: https://conda.anaconda.org/conda-forge/osx-arm64/icu-78.2-h38cb7af_0.conda
  sha256: d4cefbca587429d1192509edc52c88de52bc96c2447771ddc1f8bee928aed5ef
  md5: 1e93aca311da0210e660d2247812fa02
  depends:
  - __osx >=11.0
  license: MIT
  license_family: MIT
  size: 12358010
  timestamp: 1767970350308
- conda: https://conda.anaconda.org/conda-forge/noarch/kernel-headers_linux-64-4.18.0-he073ed8_9.conda
  sha256: 41557eeadf641de6aeae49486cef30d02a6912d8da98585d687894afd65b356a
  md5: 86d9cba083cd041bfbf242a01a7a1999
  constrains:
  - sysroot_linux-64 ==2.28
  license: LGPL-2.0-or-later AND LGPL-2.0-or-later WITH exceptions AND GPL-2.0-or-later
  license_family: GPL
  size: 1278712
  timestamp: 1765578681495
- conda: https://conda.anaconda.org/conda-forge/osx-arm64/ld64-956.6-llvm19_1_he86490a_4.conda
  sha256: d6197b4825ece12ab63097bd677294126439a1a6222c7098885aa23464ef280c
  md5: 22eb76f8d98f4d3b8319d40bda9174de
  depends:
  - ld64_osx-arm64 956.6 llvm19_1_ha2625f7_4
  - libllvm19 >=19.1.7,<19.2.0a0
  constrains:
  - cctools_osx-arm64 1030.6.3.*
  - cctools 1030.6.3.*
  license: APSL-2.0
  license_family: Other
  size: 21592
  timestamp: 1768852886875
- conda: https://conda.anaconda.org/conda-forge/osx-arm64/ld64_osx-arm64-956.6-llvm19_1_ha2625f7_4.conda
  sha256: 4161eec579cea07903ee2fafdde6f8f9991dabd54f3ca6609a1bf75bed3dc788
  md5: eaf3d06e3a8a10dee7565e8d76ae618d
  depends:
  - __osx >=11.0
  - libcxx
  - libllvm19 >=19.1.7,<19.2.0a0
  - sigtool-codesign
  - tapi >=1600.0.11.8,<1601.0a0
  constrains:
  - cctools_impl_osx-arm64 1030.6.3.*
  - ld64 956.6.*
  - cctools 1030.6.3.*
  - clang 19.1.*
  license: APSL-2.0
  license_family: Other
  size: 1040464
  timestamp: 1768852821767
- conda: https://conda.anaconda.org/conda-forge/linux-64/ld_impl_linux-64-2.45-default_hbd61a6d_105.conda
  sha256: 1027bd8aa0d5144e954e426ab6218fd5c14e54a98f571985675468b339c808ca
  md5: 3ec0aa5037d39b06554109a01e6fb0c6
  depends:
  - __glibc >=2.17,<3.0.a0
  - zstd >=1.5.7,<1.6.0a0
  constrains:
  - binutils_impl_linux-64 2.45
  license: GPL-3.0-only
  license_family: GPL
  size: 730831
  timestamp: 1766513089214
- conda: https://conda.anaconda.org/conda-forge/win-64/ld_impl_win-64-2.45-default_hfd38196_105.conda
  sha256: fd7827e813bdb1f255cedf1e9d003c8be431c52f455a74d1455527e688a6b34b
  md5: cd7c6627fc038d00421f9d2970587fa9
  depends:
  - zstd >=1.5.7,<1.6.0a0
  constrains:
  - binutils_impl_win-64 2.45
  license: GPL-3.0-only
  license_family: GPL
  size: 876611
  timestamp: 1766513627408
- conda: https://conda.anaconda.org/conda-forge/osx-arm64/libclang-cpp19.1-19.1.7-default_hf3020a7_7.conda
  sha256: 89b8aed26ef89c9e56939d1acefa91ecf2e198923bfcc41f116c0de42ce869cb
  md5: 5600ae1b88144099572939e773f4b20b
  depends:
  - __osx >=11.0
  - libcxx >=19.1.7
  - libllvm19 >=19.1.7,<19.2.0a0
  license: Apache-2.0 WITH LLVM-exception
  license_family: Apache
  size: 14062741
  timestamp: 1767957389675
- conda: https://conda.anaconda.org/conda-forge/osx-arm64/libcxx-21.1.8-hf598326_0.conda
  sha256: 82e228975fd491bcf1071ecd0a6ec2a0fcc5f57eb0bd1d52cb13a18d57c67786
  md5: 780f0251b757564e062187044232c2b7
  depends:
  - __osx >=11.0
  license: Apache-2.0 WITH LLVM-exception
  license_family: Apache
  size: 569118
  timestamp: 1765919724254
- conda: https://conda.anaconda.org/conda-forge/linux-64/libgcc-15.2.0-he0feb66_16.conda
  sha256: 6eed58051c2e12b804d53ceff5994a350c61baf117ec83f5f10c953a3f311451
  md5: 6d0363467e6ed84f11435eb309f2ff06
  depends:
  - __glibc >=2.17,<3.0.a0
  - _openmp_mutex >=4.5
  constrains:
  - libgcc-ng ==15.2.0=*_16
  - libgomp 15.2.0 he0feb66_16
  license: GPL-3.0-only WITH GCC-exception-3.1
  license_family: GPL
  size: 1042798
  timestamp: 1765256792743
- conda: https://conda.anaconda.org/conda-forge/osx-arm64/libgcc-15.2.0-hcbb3090_16.conda
  sha256: 646c91dbc422fe92a5f8a3a5409c9aac66549f4ce8f8d1cab7c2aa5db789bb69
  md5: 8b216bac0de7a9d60f3ddeba2515545c
  depends:
  - _openmp_mutex
  constrains:
  - libgcc-ng ==15.2.0=*_16
  - libgomp 15.2.0 16
  license: GPL-3.0-only WITH GCC-exception-3.1
  license_family: GPL
  size: 402197
  timestamp: 1765258985740
- conda: https://conda.anaconda.org/conda-forge/win-64/libgcc-15.2.0-h8ee18e1_16.conda
  sha256: 24984e1e768440ba73021f08a1da0c1ec957b30d7071b9a89b877a273d17cae8
  md5: 1edb8bd8e093ebd31558008e9cb23b47
  depends:
  - _openmp_mutex >=4.5
  - libwinpthread >=12.0.0.r4.gg4f2fc60ca
  constrains:
  - libgomp 15.2.0 h8ee18e1_16
  - libgcc-ng ==15.2.0=*_16
  - msys2-conda-epoch <0.0a0
  license: GPL-3.0-only WITH GCC-exception-3.1
  license_family: GPL
  size: 819696
  timestamp: 1765260437409
- conda: https://conda.anaconda.org/conda-forge/noarch/libgcc-devel_linux-64-15.2.0-hcc6f6b0_116.conda
  sha256: 48d7d8dded34100d9065d1c0df86a11ab2cd8ddfd1590512b304527ed25b6d93
  md5: e67832fdbf2382757205bb4b38800643
  depends:
  - __unix
  license: GPL-3.0-only WITH GCC-exception-3.1
  license_family: GPL
  size: 3094906
  timestamp: 1765256682321
- conda: https://conda.anaconda.org/conda-forge/noarch/libgcc-devel_osx-arm64-15.2.0-hee53e68_116.conda
  sha256: 6f24415ac1a51b17630739f53df3e7819ad66f1fda2f7cef12497a25aee545b6
  md5: 4c483e1ba58f104f2c963cbb693e56b5
  depends:
  - __unix
  license: GPL-3.0-only WITH GCC-exception-3.1
  license_family: GPL
  size: 2105062
  timestamp: 1765258968388
- conda: https://conda.anaconda.org/conda-forge/noarch/libgcc-devel_win-64-15.2.0-hbb59886_116.conda
  sha256: ffffa7c4e12ea0bb70d188eb003809c0579be974c721f0b53345e4e466857fa8
  md5: 83cd21fa27411b91a3ec02ceb9f4d0ca
  depends:
  - m2-conda-epoch
  license: GPL-3.0-only WITH GCC-exception-3.1
  license_family: GPL
  size: 2420086
  timestamp: 1765260357692
- conda: https://conda.anaconda.org/conda-forge/linux-64/libgcc-ng-15.2.0-h69a702a_16.conda
  sha256: 5f07f9317f596a201cc6e095e5fc92621afca64829785e483738d935f8cab361
  md5: 5a68259fac2da8f2ee6f7bfe49c9eb8b
  depends:
  - libgcc 15.2.0 he0feb66_16
  license: GPL-3.0-only WITH GCC-exception-3.1
  license_family: GPL
  size: 27256
  timestamp: 1765256804124
- conda: https://conda.anaconda.org/conda-forge/linux-64/libgomp-15.2.0-he0feb66_16.conda
  sha256: 5b3e5e4e9270ecfcd48f47e3a68f037f5ab0f529ccb223e8e5d5ac75a58fc687
  md5: 26c46f90d0e727e95c6c9498a33a09f3
  depends:
  - __glibc >=2.17,<3.0.a0
  license: GPL-3.0-only WITH GCC-exception-3.1
  license_family: GPL
  size: 603284
  timestamp: 1765256703881
- conda: https://conda.anaconda.org/conda-forge/win-64/libgomp-15.2.0-h8ee18e1_16.conda
  sha256: 9c86aadc1bd9740f2aca291da8052152c32dd1c617d5d4fd0f334214960649bb
  md5: ab8189163748f95d4cb18ea1952943c3
  depends:
  - libwinpthread >=12.0.0.r4.gg4f2fc60ca
  constrains:
  - msys2-conda-epoch <0.0a0
  license: GPL-3.0-only WITH GCC-exception-3.1
  license_family: GPL
  size: 663567
  timestamp: 1765260367147
- conda: https://conda.anaconda.org/conda-forge/osx-arm64/libiconv-1.18-h23cfdf5_2.conda
  sha256: de0336e800b2af9a40bdd694b03870ac4a848161b35c8a2325704f123f185f03
  md5: 4d5a7445f0b25b6a3ddbb56e790f5251
  depends:
  - __osx >=11.0
  license: LGPL-2.1-only
  size: 750379
  timestamp: 1754909073836
- conda: https://conda.anaconda.org/conda-forge/osx-arm64/libllvm19-19.1.7-h8e0c9ce_2.conda
  sha256: 46f8ff3d86438c0af1bebe0c18261ce5de9878d58b4fe399a3a125670e4f0af5
  md5: d1d9b233830f6631800acc1e081a9444
  depends:
  - __osx >=11.0
  - libcxx >=19
  - libxml2
  - libxml2-16 >=2.14.5
  - libzlib >=1.3.1,<2.0a0
  - zstd >=1.5.7,<1.6.0a0
  license: Apache-2.0 WITH LLVM-exception
  license_family: Apache
  size: 26914852
  timestamp: 1757353228286
- conda: https://conda.anaconda.org/conda-forge/osx-arm64/liblzma-5.8.2-h8088a28_0.conda
  sha256: 7bfc7ffb2d6a9629357a70d4eadeadb6f88fa26ebc28f606b1c1e5e5ed99dc7e
  md5: 009f0d956d7bfb00de86901d16e486c7
  depends:
  - __osx >=11.0
  constrains:
  - xz 5.8.2.*
  license: 0BSD
  size: 92242
  timestamp: 1768752982486
- conda: https://conda.anaconda.org/conda-forge/linux-64/libsanitizer-15.2.0-h90f66d4_16.conda
  sha256: 50d8082749e760454fb1489c2a47c6fa80cbf3893ec1c1a085747d46484ffd7f
  md5: 0841a98bda756af037eb07d36cacada5
  depends:
  - __glibc >=2.17,<3.0.a0
  - libgcc >=15.2.0
  - libstdcxx >=15.2.0
  license: GPL-3.0-only WITH GCC-exception-3.1
  license_family: GPL
  size: 7660762
  timestamp: 1765256861607
- conda: https://conda.anaconda.org/conda-forge/osx-arm64/libsigtool-0.1.3-h98dc951_0.conda
  sha256: 421f7bd7caaa945d9cd5d374cc3f01e75637ca7372a32d5e7695c825a48a30d1
  md5: c08557d00807785decafb932b5be7ef5
  depends:
  - __osx >=11.0
  - openssl >=3.5.4,<4.0a0
  license: MIT
  license_family: MIT
  size: 36416
  timestamp: 1767045062496
- conda: https://conda.anaconda.org/conda-forge/linux-64/libstdcxx-15.2.0-h934c35e_16.conda
  sha256: 813427918316a00c904723f1dfc3da1bbc1974c5cfe1ed1e704c6f4e0798cbc6
  md5: 68f68355000ec3f1d6f26ea13e8f525f
  depends:
  - __glibc >=2.17,<3.0.a0
  - libgcc 15.2.0 he0feb66_16
  constrains:
  - libstdcxx-ng ==15.2.0=*_16
  license: GPL-3.0-only WITH GCC-exception-3.1
  license_family: GPL
  size: 5856456
  timestamp: 1765256838573
- conda: https://conda.anaconda.org/conda-forge/win-64/libstdcxx-15.2.0-hae5796f_16.conda
  sha256: 6d4b74aa2b668ea3927615055ff7557c50628f073a00a504d3fbedbb6eccca43
  md5: 7ca89b8b412282e8b8b644f55056279e
  depends:
  - libgcc 15.2.0 h8ee18e1_16
  - libwinpthread >=12.0.0.r4.gg4f2fc60ca
  constrains:
  - libstdcxx-ng ==15.2.0=*_16
  license: GPL-3.0-only WITH GCC-exception-3.1
  license_family: GPL
  size: 6461950
  timestamp: 1765260469617
- conda: https://conda.anaconda.org/conda-forge/noarch/libstdcxx-devel_linux-64-15.2.0-hd446a21_116.conda
  sha256: cb331c51739cc68257c7d7eef0e29c355b46b2d72f630854506dbc99240057c1
  md5: 2730e07e576ffbd7bf13f8de34835d41
  depends:
  - __unix
  license: GPL-3.0-only WITH GCC-exception-3.1
  license_family: GPL
  size: 20763949
  timestamp: 1765256724565
- conda: https://conda.anaconda.org/conda-forge/noarch/libstdcxx-devel_win-64-15.2.0-h0a72980_116.conda
  sha256: 40fce07ecab2b8d4777021e22fbae2f8ab39b5d1713ae3999efae225cd19c5ba
  md5: 53a797061ae48ff2bd1956c7abc20776
  depends:
  - m2-conda-epoch
  license: GPL-3.0-only WITH GCC-exception-3.1
  license_family: GPL
  size: 12310259
  timestamp: 1765260383723
- conda: https://conda.anaconda.org/conda-forge/linux-64/libstdcxx-ng-15.2.0-hdf11a46_16.conda
  sha256: 81f2f246c7533b41c5e0c274172d607829019621c4a0823b5c0b4a8c7028ee84
  md5: 1b3152694d236cf233b76b8c56bf0eae
  depends:
  - libstdcxx 15.2.0 h934c35e_16
  license: GPL-3.0-only WITH GCC-exception-3.1
  license_family: GPL
  size: 27300
  timestamp: 1765256885128
- conda: https://conda.anaconda.org/conda-forge/win-64/libwinpthread-12.0.0.r4.gg4f2fc60ca-h57928b3_10.conda
  sha256: 0fccf2d17026255b6e10ace1f191d0a2a18f2d65088fd02430be17c701f8ffe0
  md5: 8a86073cf3b343b87d03f41790d8b4e5
  depends:
  - ucrt
  constrains:
  - pthreads-win32 <0.0a0
  - msys2-conda-epoch <0.0a0
  license: MIT AND BSD-3-Clause-Clear
  size: 36621
  timestamp: 1759768399557
- conda: https://conda.anaconda.org/conda-forge/osx-arm64/libxml2-2.15.1-h8d039ee_1.conda
  sha256: 59f96fa27cce6a9a27414c5bb301eedda1a1b85cd0d8f5d68f77e46b86e7c95f
  md5: fd804ee851e20faca4fecc7df0901d07
  depends:
  - __osx >=11.0
  - icu >=78.1,<79.0a0
  - libiconv >=1.18,<2.0a0
  - liblzma >=5.8.1,<6.0a0
  - libxml2-16 2.15.1 h5ef1a60_1
  - libzlib >=1.3.1,<2.0a0
  license: MIT
  license_family: MIT
  size: 40607
  timestamp: 1766327501392
- conda: https://conda.anaconda.org/conda-forge/osx-arm64/libxml2-16-2.15.1-h5ef1a60_1.conda
  sha256: 2d5ab15113b0ba21f4656d387d26ab59e4fbaf3027f5e58a2a4fe370821eb106
  md5: 7eed1026708e26ee512f43a04d9d0027
  depends:
  - __osx >=11.0
  - icu >=78.1,<79.0a0
  - libiconv >=1.18,<2.0a0
  - liblzma >=5.8.1,<6.0a0
  - libzlib >=1.3.1,<2.0a0
  constrains:
  - libxml2 2.15.1
  license: MIT
  license_family: MIT
  size: 464886
  timestamp: 1766327479416
- conda: https://conda.anaconda.org/conda-forge/linux-64/libzlib-1.3.1-hb9d3cd8_2.conda
  sha256: d4bfe88d7cb447768e31650f06257995601f89076080e76df55e3112d4e47dc4
  md5: edb0dca6bc32e4f4789199455a1dbeb8
  depends:
  - __glibc >=2.17,<3.0.a0
  - libgcc >=13
  constrains:
  - zlib 1.3.1 *_2
  license: Zlib
  license_family: Other
  size: 60963
  timestamp: 1727963148474
- conda: https://conda.anaconda.org/conda-forge/osx-arm64/libzlib-1.3.1-h8359307_2.conda
  sha256: ce34669eadaba351cd54910743e6a2261b67009624dbc7daeeafdef93616711b
  md5: 369964e85dc26bfe78f41399b366c435
  depends:
  - __osx >=11.0
  constrains:
  - zlib 1.3.1 *_2
  license: Zlib
  license_family: Other
  size: 46438
  timestamp: 1727963202283
- conda: https://conda.anaconda.org/conda-forge/win-64/libzlib-1.3.1-h2466b09_2.conda
  sha256: ba945c6493449bed0e6e29883c4943817f7c79cbff52b83360f7b341277c6402
  md5: 41fbfac52c601159df6c01f875de31b9
  depends:
  - ucrt >=10.0.20348.0
  - vc >=14.2,<15
  - vc14_runtime >=14.29.30139
  constrains:
  - zlib 1.3.1 *_2
  license: Zlib
  license_family: Other
  size: 55476
  timestamp: 1727963768015
- conda: https://conda.anaconda.org/conda-forge/osx-arm64/llvm-openmp-21.1.8-h4a912ad_0.conda
  sha256: 56bcd20a0a44ddd143b6ce605700fdf876bcf5c509adc50bf27e76673407a070
  md5: 206ad2df1b5550526e386087bef543c7
  depends:
  - __osx >=11.0
  constrains:
  - openmp 21.1.8|21.1.8.*
  - intel-openmp <0.0a0
  license: Apache-2.0 WITH LLVM-exception
  license_family: APACHE
  size: 285974
  timestamp: 1765964756583
- conda: https://conda.anaconda.org/conda-forge/osx-arm64/llvm-tools-19.1.7-h855ad52_2.conda
  sha256: 09750c33b5d694c494cad9eafda56c61a62622264173d760341b49fb001afe82
  md5: 3e3ac06efc5fdc1aa675ca30bf7d53df
  depends:
  - __osx >=11.0
  - libllvm19 19.1.7 h8e0c9ce_2
  - llvm-tools-19 19.1.7 h91fd4e7_2
  constrains:
  - llvm        19.1.7
  - llvmdev     19.1.7
  - clang-tools 19.1.7
  - clang       19.1.7
  license: Apache-2.0 WITH LLVM-exception
  license_family: Apache
  size: 88390
  timestamp: 1757353535760
- conda: https://conda.anaconda.org/conda-forge/osx-arm64/llvm-tools-19-19.1.7-h91fd4e7_2.conda
  sha256: 73f9506f7c32a448071340e73a0e8461e349082d63ecc4849e3eb2d1efc357dd
  md5: 8237b150fcd7baf65258eef9a0fc76ef
  depends:
  - __osx >=11.0
  - libcxx >=19
  - libllvm19 19.1.7 h8e0c9ce_2
  - libzlib >=1.3.1,<2.0a0
  - zstd >=1.5.7,<1.6.0a0
  license: Apache-2.0 WITH LLVM-exception
  license_family: Apache
  size: 16376095
  timestamp: 1757353442671
- conda: https://conda.anaconda.org/conda-forge/noarch/m2-bash-5.2.037.2-hc364b38_6.conda
  sha256: b2b243cd336e58d0c241bb9eb799e30713b8a40806b14d242fadd96804ff8cd6
  md5: 804c029d36d971e8de1e56016f8054a5
  depends:
  - m2-filesystem
  - m2-msys2-runtime
  - m2-conda-epoch ==20250515 *_x86_64
  license: GPL-3.0-or-later
  license_family: GPL
  size: 2710840
  timestamp: 1748281166709
- conda: https://conda.anaconda.org/conda-forge/win-64/m2-conda-epoch-20250515-0_x86_64.conda
  build_number: 0
  sha256: 51e9214548f177db9c3fe70424e3774c95bf19cd69e0e56e83abe2e393228ba1
  md5: 7d60fb16df2cd07fbc3dbff1c9df4244
  constrains:
  - msys2-conda-epoch <0.0a0
  license: BSD-3-Clause
  license_family: BSD
  size: 7539
  timestamp: 1747330852019
- conda: https://conda.anaconda.org/conda-forge/noarch/m2-coreutils-8.32.5-hc364b38_6.conda
  sha256: 05626edabfe076bd3b1f7f83cd830ed2acc043c48a15450d88a79091f5b718eb
  md5: faac63967a21cbbdb1d29681e6b98ef5
  depends:
  - m2-gmp
  - m2-libiconv
  - m2-libintl
  - m2-msys2-runtime
  - m2-conda-epoch ==20250515 *_x86_64
  license: GPL-3.0-or-later
  license_family: GPL
  size: 3155019
  timestamp: 1748281166745
- conda: https://conda.anaconda.org/conda-forge/noarch/m2-filesystem-2025.02.23.1-hc364b38_10.conda
  sha256: 762dd93e1d21ce3d8e5350f167aaeb0c7109edb74b8d972bdb8dbc62b7677488
  md5: ddfb3ce6fae1278431bf949e15c90ca6
  depends:
  - m2-msys2-runtime
  - m2-conda-epoch ==20250515 *_x86_64
  license: BSD-3-Clause
  license_family: BSD
  size: 124912
  timestamp: 1757096404180
- conda: https://conda.anaconda.org/conda-forge/noarch/m2-gcc-libs-13.3.0.1-hc364b38_6.conda
  sha256: 9d86cd1a0953bfe103375513f6ad4f82ad6392c9a78e12f0d5dc332be10d0569
  md5: 5226906155606df581aa2d00b3ee3cbe
  depends:
  - m2-msys2-runtime
  - m2-conda-epoch ==20250515 *_x86_64
  license: GPL-3.0-or-later AND GPL-2.0-or-later AND LGPL-2.1-or-later AND LGPL-3.0-or-later WITH GCC-exception-3.1 AND GFDL-1.3-or-later
  size: 1137568
  timestamp: 1748281166721
- conda: https://conda.anaconda.org/conda-forge/noarch/m2-gmp-6.3.0.1-hc364b38_6.conda
  sha256: 87cd2260241dde076ec802b423a70a4a10d883e753044c3237ca2dc951271069
  md5: 157445c0b38287742d43e3a09fcfaf78
  depends:
  - m2-msys2-runtime
  - m2-conda-epoch ==20250515 *_x86_64
  license: LGPL-3.0-or-later
  license_family: LGPL
  size: 445326
  timestamp: 1748281166720
- conda: https://conda.anaconda.org/conda-forge/noarch/m2-libbz2-1.0.8.4-hc364b38_6.conda
  sha256: 9ab80c267ab97e6ffa483204589c27715fbcb3a1047ba43390aa9810e0e55491
  md5: 17747e6f570515ea7b1ba811592d50c9
  depends:
  - m2-gcc-libs
  - m2-msys2-runtime
  - m2-conda-epoch ==20250515 *_x86_64
  license: LicenseRef-CustomLicense
  size: 57775
  timestamp: 1748281166724
- conda: https://conda.anaconda.org/conda-forge/noarch/m2-libiconv-1.18.1-hc364b38_6.conda
  sha256: 5eca3afbd2bf2e5253dac18b3880197f7084081571a1e92b20477fdec5a93757
  md5: 4492469742acad4b4d0b25eb84d3091f
  depends:
  - m2-gcc-libs
  - m2-msys2-runtime
  - m2-conda-epoch ==20250515 *_x86_64
  license: LGPL-3.0-or-later
  license_family: LGPL
  size: 804476
  timestamp: 1748281166730
- conda: https://conda.anaconda.org/conda-forge/noarch/m2-libintl-0.22.5.1-hc364b38_6.conda
  sha256: 02de0f1a8cb63a12e445bb32cd16e7b804953c670889aff857ca7e618088abfb
  md5: 880d8433f0b4843abe292ee648e6a2b3
  depends:
  - m2-gcc-libs
  - m2-libiconv
  - m2-msys2-runtime
  - m2-conda-epoch ==20250515 *_x86_64
  license: GPL-3.0-or-later
  license_family: GPL
  size: 78711
  timestamp: 1748281166737
- conda: https://conda.anaconda.org/conda-forge/noarch/m2-msys2-runtime-3.6.1.4-hc364b38_6.conda
  sha256: 1f797d055ad856def2399d5c1c21d7a479fa68159ce5448f07b7c6cf4b9641d7
  md5: fb7de65144b11c4c7284a00e3170c797
  depends:
  - m2-conda-epoch ==20250515 *_x86_64
  license: GPL-3.0-or-later
  license_family: GPL
  size: 2156552
  timestamp: 1748281166706
- conda: https://conda.anaconda.org/conda-forge/noarch/m2-tar-1.35.2-hc364b38_6.conda
  sha256: 663b304ab5a9ff0525941189c499082819fb233f7b34f61591c6df9eb6cc79b1
  md5: 5c53de53357541a79dbd48413fcb629c
  depends:
  - m2-libiconv
  - m2-libintl
  - m2-bash
  - m2-msys2-runtime
  - m2-conda-epoch ==20250515 *_x86_64
  license: GPL-3.0-or-later
  license_family: GPL
  size: 906973
  timestamp: 1748281166744
- conda: https://conda.anaconda.org/conda-forge/noarch/m2-unzip-6.0.3-hc364b38_6.conda
  sha256: bbdf81957ac7ba40c8a159bdce3ab833152c746466dd7362af12053d8394904e
  md5: b362dd7c2ad652e7d4821f8011d22782
  depends:
  - m2-libbz2
  - m2-bash
  - m2-msys2-runtime
  - m2-conda-epoch ==20250515 *_x86_64
  license: LicenseRef-CustomLicense
  size: 135439
  timestamp: 1748281166724
- conda: https://conda.anaconda.org/conda-forge/noarch/m2w64-sysroot_win-64-12.0.0.r4.gg4f2fc60ca-hd8ed1ab_10.conda
  sha256: fb0ffe6b3c25189038c29abbd1fac2522d87fe2775a09e5f5088e5542dc3309b
  md5: 9676d2a30fa3ffa4e5350041d0993758
  depends:
  - m2-conda-epoch
  - mingw-w64-ucrt-x86_64-crt-git 12.0.0.r4.gg4f2fc60ca hd8ed1ab_10
  - mingw-w64-ucrt-x86_64-headers-git 12.0.0.r4.gg4f2fc60ca hd8ed1ab_10
  - mingw-w64-ucrt-x86_64-windows-default-manifest
  - mingw-w64-ucrt-x86_64-winpthreads-git 12.0.0.r4.gg4f2fc60ca hd8ed1ab_10
  - ucrt
  size: 8421
  timestamp: 1759768559974
- conda: https://conda.anaconda.org/conda-forge/noarch/mingw-w64-ucrt-x86_64-crt-git-12.0.0.r4.gg4f2fc60ca-hd8ed1ab_10.conda
  sha256: de3e42149b498c16bfb485b7729f4ca0fe392be576a2a10ff702d661799b1df3
  md5: 44ffa6d68699ec9321f6d48d75bdc726
  depends:
  - m2-conda-epoch
  - mingw-w64-ucrt-x86_64-headers-git 12.0.0.r4.gg4f2fc60ca hd8ed1ab_10
  constrains:
  - mingw-w64-ucrt-x86_64-winpthreads-git 12.0.0.r4.gg4f2fc60ca.*
  license: ZPL-2.1
  size: 5663635
  timestamp: 1759768458961
- conda: https://conda.anaconda.org/conda-forge/noarch/mingw-w64-ucrt-x86_64-headers-git-12.0.0.r4.gg4f2fc60ca-hd8ed1ab_10.conda
  sha256: 1add86481f35163215e7076e6f06f22aa9f1f9345a5fff5cb07bc846c13fbec7
  md5: cab7b807024204893ef5bb1860d91408
  depends:
  - m2-conda-epoch
  constrains:
  - mingw-w64-ucrt-x86_64-crt-git 12.0.0.r4.gg4f2fc60ca.*
  - mingw-w64-ucrt-x86_64-winpthreads-git 12.0.0.r4.gg4f2fc60ca.*
  license: ZPL-2.1 AND LGPL-2.1-or-later
  size: 7089846
  timestamp: 1759768412123
- conda: https://conda.anaconda.org/conda-forge/noarch/mingw-w64-ucrt-x86_64-windows-default-manifest-6.4-he206cdd_7.conda
  sha256: 5b0df4e0ba8487ffd59f60c34c5dbb9e001ecd2c5d2c66ba88eada40bfa3ecb8
  md5: 1d6b5c96d7e3cce773519d7d1a4482f0
  depends:
  - __win
  constrains:
  - m2w64-sysroot_win-64 >=12.0.0.r0
  license: FSFAP
  size: 7412
  timestamp: 1717486007140
- conda: https://conda.anaconda.org/conda-forge/noarch/mingw-w64-ucrt-x86_64-winpthreads-git-12.0.0.r4.gg4f2fc60ca-hd8ed1ab_10.conda
  sha256: 828abb111286940473c4c665fc8ab300d28920f5af83b32295e8bf2256a8f342
  md5: ba0eeff6a5c62b83c771bb392e22dbb4
  depends:
  - m2-conda-epoch
  - mingw-w64-ucrt-x86_64-headers-git 12.0.0.r4.gg4f2fc60ca hd8ed1ab_10
  constrains:
  - mingw-w64-ucrt-x86_64-crt-git 12.0.0.r4.gg4f2fc60ca.*
  license: MIT AND BSD-3-Clause-Clear
  size: 123916
  timestamp: 1759768539535
- conda: https://conda.anaconda.org/conda-forge/osx-arm64/ncurses-6.5-h5e97a16_3.conda
  sha256: 2827ada40e8d9ca69a153a45f7fd14f32b2ead7045d3bbb5d10964898fe65733
  md5: 068d497125e4bf8a66bf707254fff5ae
  depends:
  - __osx >=11.0
  license: X11 AND BSD-3-Clause
  size: 797030
  timestamp: 1738196177597
- conda: https://conda.anaconda.org/conda-forge/linux-64/openssl-3.6.0-h26f9b46_0.conda
  sha256: a47271202f4518a484956968335b2521409c8173e123ab381e775c358c67fe6d
  md5: 9ee58d5c534af06558933af3c845a780
  depends:
  - __glibc >=2.17,<3.0.a0
  - ca-certificates
  - libgcc >=14
  license: Apache-2.0
  license_family: Apache
  size: 3165399
  timestamp: 1762839186699
- conda: https://conda.anaconda.org/conda-forge/osx-arm64/openssl-3.6.1-hd24854e_1.conda
  sha256: 361f5c5e60052abc12bdd1b50d7a1a43e6a6653aab99a2263bf2288d709dcf67
  md5: f4f6ad63f98f64191c3e77c5f5f29d76
  depends:
  - __osx >=11.0
  - ca-certificates
  license: Apache-2.0
  license_family: Apache
  size: 3104268
  timestamp: 1769556384749
- conda: https://conda.anaconda.org/conda-forge/linux-64/patchelf-0.17.2-h58526e2_0.conda
  sha256: eb355ac225be2f698e19dba4dcab7cb0748225677a9799e9cc8e4cadc3cb738f
  md5: ba76a6a448819560b5f8b08a9c74f415
  depends:
  - libgcc-ng >=7.5.0
  - libstdcxx-ng >=7.5.0
  license: GPL-3.0-or-later
  license_family: GPL
  size: 94048
  timestamp: 1673473024463
- conda: https://conda.anaconda.org/conda-forge/linux-64/rattler-build-0.55.1-he64ecbb_0.conda
  sha256: d4115e45191c507e70c15d4fc0cf4bd283c64214c05f0ee6e35811b2d76a2348
  md5: b6a10478e09eedf17c5a9f2a1e334c00
  depends:
  - patchelf
  - __glibc >=2.17,<3.0.a0
  - libgcc >=14
  - openssl >=3.5.4,<4.0a0
  constrains:
  - __glibc >=2.17
  license: BSD-3-Clause
  license_family: BSD
  size: 17663929
  timestamp: 1767788793229
- conda: https://conda.anaconda.org/conda-forge/osx-arm64/rattler-build-0.55.1-h6fdd925_0.conda
  sha256: 7d31a25e45823fc4fda6281b019c7875d2626ea8b1522cd58c56c6035b92e5c5
  md5: 6b38c4d55fbdf0f06d3c08674d2a9379
  depends:
  - __osx >=11.0
  constrains:
  - __osx >=11.0
  license: BSD-3-Clause
  license_family: BSD
  size: 15105783
  timestamp: 1767788828061
- conda: https://conda.anaconda.org/conda-forge/win-64/rattler-build-0.55.1-h18a1a76_0.conda
  sha256: ce2792c2da048b8898ecc6f121db28eb0168c1bf783af923ee2dc0b001a4343a
  md5: e1d4cda695daca6661259fcd098f7d7b
  depends:
  - vc >=14.3,<15
  - vc14_runtime >=14.44.35208
  - ucrt >=10.0.20348.0
  license: BSD-3-Clause
  license_family: BSD
  size: 18827337
  timestamp: 1767788806259
- conda: https://conda.anaconda.org/conda-forge/osx-arm64/sigtool-codesign-0.1.3-h98dc951_0.conda
  sha256: f3d006e2441f110160a684744d90921bbedbffa247d7599d7e76b5cd048116dc
  md5: ade77ad7513177297b1d75e351e136ce
  depends:
  - __osx >=11.0
  - libsigtool 0.1.3 h98dc951_0
  - openssl >=3.5.4,<4.0a0
  license: MIT
  license_family: MIT
  size: 114331
  timestamp: 1767045086274
- conda: https://conda.anaconda.org/conda-forge/noarch/sysroot_linux-64-2.28-h4ee821c_9.conda
  sha256: c47299fe37aebb0fcf674b3be588e67e4afb86225be4b0d452c7eb75c086b851
  md5: 13dc3adbc692664cd3beabd216434749
  depends:
  - __glibc >=2.28
  - kernel-headers_linux-64 4.18.0 he073ed8_9
  - tzdata
  license: LGPL-2.0-or-later AND LGPL-2.0-or-later WITH exceptions AND GPL-2.0-or-later
  license_family: GPL
  size: 24008591
  timestamp: 1765578833462
- conda: https://conda.anaconda.org/conda-forge/osx-arm64/tapi-1600.0.11.8-h997e182_0.conda
  sha256: dcb678fa77f448fa981bf3783902afe09b8838436f3092e9ecaf6a718c87f642
  md5: 347261d575a245cb6111fb2cb5a79fc7
  depends:
  - libcxx >=19.0.0.a0
  - __osx >=11.0
  - ncurses >=6.5,<7.0a0
  license: NCSA
  size: 199699
  timestamp: 1762535277608
- conda: https://conda.anaconda.org/conda-forge/noarch/tzdata-2025c-hc9c84f9_1.conda
  sha256: 1d30098909076af33a35017eed6f2953af1c769e273a0626a04722ac4acaba3c
  md5: ad659d0a2b3e47e38d829aa8cad2d610
  license: LicenseRef-Public-Domain
  size: 119135
  timestamp: 1767016325805
- conda: https://conda.anaconda.org/conda-forge/win-64/ucrt-10.0.26100.0-h57928b3_0.conda
  sha256: 3005729dce6f3d3f5ec91dfc49fc75a0095f9cd23bab49efb899657297ac91a5
  md5: 71b24316859acd00bdb8b38f5e2ce328
  constrains:
  - vc14_runtime >=14.29.30037
  - vs2015_runtime >=14.29.30037
  license: LicenseRef-MicrosoftWindowsSDK10
  size: 694692
  timestamp: 1756385147981
- conda: https://conda.anaconda.org/conda-forge/win-64/vc-14.3-h41ae7f8_34.conda
  sha256: 9dc40c2610a6e6727d635c62cced5ef30b7b30123f5ef67d6139e23d21744b3a
  md5: 1e610f2416b6acdd231c5f573d754a0f
  depends:
  - vc14_runtime >=14.44.35208
  track_features:
  - vc14
  license: BSD-3-Clause
  license_family: BSD
  size: 19356
  timestamp: 1767320221521
- conda: https://conda.anaconda.org/conda-forge/win-64/vc14_runtime-14.44.35208-h818238b_34.conda
  sha256: 02732f953292cce179de9b633e74928037fa3741eb5ef91c3f8bae4f761d32a5
  md5: 37eb311485d2d8b2c419449582046a42
  depends:
  - ucrt >=10.0.20348.0
  - vcomp14 14.44.35208 h818238b_34
  constrains:
  - vs2015_runtime 14.44.35208.* *_34
  license: LicenseRef-MicrosoftVisualCpp2015-2022Runtime
  license_family: Proprietary
  size: 683233
  timestamp: 1767320219644
- conda: https://conda.anaconda.org/conda-forge/win-64/vcomp14-14.44.35208-h818238b_34.conda
  sha256: 878d5d10318b119bd98ed3ed874bd467acbe21996e1d81597a1dbf8030ea0ce6
  md5: 242d9f25d2ae60c76b38a5e42858e51d
  depends:
  - ucrt >=10.0.20348.0
  constrains:
  - vs2015_runtime 14.44.35208.* *_34
  license: LicenseRef-MicrosoftVisualCpp2015-2022Runtime
  license_family: Proprietary
  size: 115235
  timestamp: 1767320173250
- conda: https://conda.anaconda.org/conda-forge/linux-64/zstd-1.5.7-hb78ec9c_6.conda
  sha256: 68f0206ca6e98fea941e5717cec780ed2873ffabc0e1ed34428c061e2c6268c7
  md5: 4a13eeac0b5c8e5b8ab496e6c4ddd829
  depends:
  - __glibc >=2.17,<3.0.a0
  - libzlib >=1.3.1,<2.0a0
  license: BSD-3-Clause
  license_family: BSD
  size: 601375
  timestamp: 1764777111296
- conda: https://conda.anaconda.org/conda-forge/osx-arm64/zstd-1.5.7-hbf9d68e_6.conda
  sha256: 9485ba49e8f47d2b597dd399e88f4802e100851b27c21d7525625b0b4025a5d9
  md5: ab136e4c34e97f34fb621d2592a393d8
  depends:
  - __osx >=11.0
  - libzlib >=1.3.1,<2.0a0
  license: BSD-3-Clause
  license_family: BSD
  size: 433413
  timestamp: 1764777166076
- conda: https://conda.anaconda.org/conda-forge/win-64/zstd-1.5.7-h534d264_6.conda
  sha256: 368d8628424966fd8f9c8018326a9c779e06913dd39e646cf331226acc90e5b2
  md5: 053b84beec00b71ea8ff7a4f84b55207
  depends:
  - vc >=14.3,<15
  - vc14_runtime >=14.44.35208
  - ucrt >=10.0.20348.0
  - libzlib >=1.3.1,<2.0a0
  license: BSD-3-Clause
  license_family: BSD
  size: 388453
  timestamp: 1764777142545
